// !$*UTF8*$!
{
	archiveVersion = 1;
	classes = {
	};
	objectVersion = 51;
	objects = {

/* Begin PBXBuildFile section */
		395BB4E12502FD7800FB30B3 /* GoogleService-Info.plist in Resources */ = {isa = PBXBuildFile; fileRef = 395BB4E02502FD7800FB30B3 /* GoogleService-Info.plist */; };
		39D54AE124FEDCE000EB47B1 /* AppDelegate.swift in Sources */ = {isa = PBXBuildFile; fileRef = 39D54AE024FEDCE000EB47B1 /* AppDelegate.swift */; };
		39D54AE324FEDCE000EB47B1 /* SceneDelegate.swift in Sources */ = {isa = PBXBuildFile; fileRef = 39D54AE224FEDCE000EB47B1 /* SceneDelegate.swift */; };
		39D54AE524FEDCE000EB47B1 /* ViewController.swift in Sources */ = {isa = PBXBuildFile; fileRef = 39D54AE424FEDCE000EB47B1 /* ViewController.swift */; };
		39D54AE824FEDCE000EB47B1 /* Main.storyboard in Resources */ = {isa = PBXBuildFile; fileRef = 39D54AE624FEDCE000EB47B1 /* Main.storyboard */; };
		39D54AEA24FEDCE200EB47B1 /* Assets.xcassets in Resources */ = {isa = PBXBuildFile; fileRef = 39D54AE924FEDCE200EB47B1 /* Assets.xcassets */; };
		39D54AED24FEDCE200EB47B1 /* LaunchScreen.storyboard in Resources */ = {isa = PBXBuildFile; fileRef = 39D54AEB24FEDCE200EB47B1 /* LaunchScreen.storyboard */; };
		39D54AF824FEDCE200EB47B1 /* ShroudTests.swift in Sources */ = {isa = PBXBuildFile; fileRef = 39D54AF724FEDCE200EB47B1 /* ShroudTests.swift */; };
		39D54B0324FEDCE200EB47B1 /* ShroudUITests.swift in Sources */ = {isa = PBXBuildFile; fileRef = 39D54B0224FEDCE200EB47B1 /* ShroudUITests.swift */; };
		3B853C95F241EAC9CE0FC6C6 /* Pods_Shroud_ShroudUITests.framework in Frameworks */ = {isa = PBXBuildFile; fileRef = BEE2DF5F45BBB3CEBC64E87A /* Pods_Shroud_ShroudUITests.framework */; };
		437E6A554A98173287B1A00E /* Pods_Shroud.framework in Frameworks */ = {isa = PBXBuildFile; fileRef = B42C1EC079BBE970A36D22FF /* Pods_Shroud.framework */; };
		AC623DD1F477192415B0528D /* Pods_ShroudTests.framework in Frameworks */ = {isa = PBXBuildFile; fileRef = 7FE202B15D0B09002371CBBD /* Pods_ShroudTests.framework */; };
/* End PBXBuildFile section */

/* Begin PBXContainerItemProxy section */
		39D54AF424FEDCE200EB47B1 /* PBXContainerItemProxy */ = {
			isa = PBXContainerItemProxy;
			containerPortal = 39D54AD524FEDCE000EB47B1 /* Project object */;
			proxyType = 1;
			remoteGlobalIDString = 39D54ADC24FEDCE000EB47B1;
			remoteInfo = Shroud;
		};
		39D54AFF24FEDCE200EB47B1 /* PBXContainerItemProxy */ = {
			isa = PBXContainerItemProxy;
			containerPortal = 39D54AD524FEDCE000EB47B1 /* Project object */;
			proxyType = 1;
			remoteGlobalIDString = 39D54ADC24FEDCE000EB47B1;
			remoteInfo = Shroud;
		};
/* End PBXContainerItemProxy section */

/* Begin PBXFileReference section */
		1B1BD052C595C1F41D98825B /* Pods-Shroud-ShroudUITests.release.xcconfig */ = {isa = PBXFileReference; includeInIndex = 1; lastKnownFileType = text.xcconfig; name = "Pods-Shroud-ShroudUITests.release.xcconfig"; path = "Target Support Files/Pods-Shroud-ShroudUITests/Pods-Shroud-ShroudUITests.release.xcconfig"; sourceTree = "<group>"; };
		395BB4E02502FD7800FB30B3 /* GoogleService-Info.plist */ = {isa = PBXFileReference; lastKnownFileType = text.plist; name = "GoogleService-Info.plist"; path = ".git/GoogleService-Info.plist"; sourceTree = SOURCE_ROOT; };
		39D54ADD24FEDCE000EB47B1 /* Shroud.app */ = {isa = PBXFileReference; explicitFileType = wrapper.application; includeInIndex = 0; path = Shroud.app; sourceTree = BUILT_PRODUCTS_DIR; };
		39D54AE024FEDCE000EB47B1 /* AppDelegate.swift */ = {isa = PBXFileReference; lastKnownFileType = sourcecode.swift; path = AppDelegate.swift; sourceTree = "<group>"; };
		39D54AE224FEDCE000EB47B1 /* SceneDelegate.swift */ = {isa = PBXFileReference; lastKnownFileType = sourcecode.swift; path = SceneDelegate.swift; sourceTree = "<group>"; };
		39D54AE424FEDCE000EB47B1 /* ViewController.swift */ = {isa = PBXFileReference; lastKnownFileType = sourcecode.swift; path = ViewController.swift; sourceTree = "<group>"; };
		39D54AE724FEDCE000EB47B1 /* Base */ = {isa = PBXFileReference; lastKnownFileType = file.storyboard; name = Base; path = Base.lproj/Main.storyboard; sourceTree = "<group>"; };
		39D54AE924FEDCE200EB47B1 /* Assets.xcassets */ = {isa = PBXFileReference; lastKnownFileType = folder.assetcatalog; path = Assets.xcassets; sourceTree = "<group>"; };
		39D54AEC24FEDCE200EB47B1 /* Base */ = {isa = PBXFileReference; lastKnownFileType = file.storyboard; name = Base; path = Base.lproj/LaunchScreen.storyboard; sourceTree = "<group>"; };
		39D54AEE24FEDCE200EB47B1 /* Info.plist */ = {isa = PBXFileReference; lastKnownFileType = text.plist.xml; path = Info.plist; sourceTree = "<group>"; };
		39D54AF324FEDCE200EB47B1 /* ShroudTests.xctest */ = {isa = PBXFileReference; explicitFileType = wrapper.cfbundle; includeInIndex = 0; path = ShroudTests.xctest; sourceTree = BUILT_PRODUCTS_DIR; };
		39D54AF724FEDCE200EB47B1 /* ShroudTests.swift */ = {isa = PBXFileReference; lastKnownFileType = sourcecode.swift; path = ShroudTests.swift; sourceTree = "<group>"; };
		39D54AF924FEDCE200EB47B1 /* Info.plist */ = {isa = PBXFileReference; lastKnownFileType = text.plist.xml; path = Info.plist; sourceTree = "<group>"; };
		39D54AFE24FEDCE200EB47B1 /* ShroudUITests.xctest */ = {isa = PBXFileReference; explicitFileType = wrapper.cfbundle; includeInIndex = 0; path = ShroudUITests.xctest; sourceTree = BUILT_PRODUCTS_DIR; };
		39D54B0224FEDCE200EB47B1 /* ShroudUITests.swift */ = {isa = PBXFileReference; lastKnownFileType = sourcecode.swift; path = ShroudUITests.swift; sourceTree = "<group>"; };
		39D54B0424FEDCE200EB47B1 /* Info.plist */ = {isa = PBXFileReference; lastKnownFileType = text.plist.xml; path = Info.plist; sourceTree = "<group>"; };
		7FE202B15D0B09002371CBBD /* Pods_ShroudTests.framework */ = {isa = PBXFileReference; explicitFileType = wrapper.framework; includeInIndex = 0; path = Pods_ShroudTests.framework; sourceTree = BUILT_PRODUCTS_DIR; };
		A0CEEF627123731B8904E7BB /* Pods-ShroudTests.debug.xcconfig */ = {isa = PBXFileReference; includeInIndex = 1; lastKnownFileType = text.xcconfig; name = "Pods-ShroudTests.debug.xcconfig"; path = "Target Support Files/Pods-ShroudTests/Pods-ShroudTests.debug.xcconfig"; sourceTree = "<group>"; };
		A54F50E822532E400F544FAC /* Pods-Shroud.debug.xcconfig */ = {isa = PBXFileReference; includeInIndex = 1; lastKnownFileType = text.xcconfig; name = "Pods-Shroud.debug.xcconfig"; path = "Target Support Files/Pods-Shroud/Pods-Shroud.debug.xcconfig"; sourceTree = "<group>"; };
		AD5826EDA1A3594471D5A6B0 /* Pods-Shroud-ShroudUITests.debug.xcconfig */ = {isa = PBXFileReference; includeInIndex = 1; lastKnownFileType = text.xcconfig; name = "Pods-Shroud-ShroudUITests.debug.xcconfig"; path = "Target Support Files/Pods-Shroud-ShroudUITests/Pods-Shroud-ShroudUITests.debug.xcconfig"; sourceTree = "<group>"; };
		B42C1EC079BBE970A36D22FF /* Pods_Shroud.framework */ = {isa = PBXFileReference; explicitFileType = wrapper.framework; includeInIndex = 0; path = Pods_Shroud.framework; sourceTree = BUILT_PRODUCTS_DIR; };
		BEE2DF5F45BBB3CEBC64E87A /* Pods_Shroud_ShroudUITests.framework */ = {isa = PBXFileReference; explicitFileType = wrapper.framework; includeInIndex = 0; path = Pods_Shroud_ShroudUITests.framework; sourceTree = BUILT_PRODUCTS_DIR; };
		CF1B992172C4A61B5BB2C210 /* Pods-ShroudTests.release.xcconfig */ = {isa = PBXFileReference; includeInIndex = 1; lastKnownFileType = text.xcconfig; name = "Pods-ShroudTests.release.xcconfig"; path = "Target Support Files/Pods-ShroudTests/Pods-ShroudTests.release.xcconfig"; sourceTree = "<group>"; };
		EE94E14DC0DCDBC8F8B25EF4 /* Pods-Shroud.release.xcconfig */ = {isa = PBXFileReference; includeInIndex = 1; lastKnownFileType = text.xcconfig; name = "Pods-Shroud.release.xcconfig"; path = "Target Support Files/Pods-Shroud/Pods-Shroud.release.xcconfig"; sourceTree = "<group>"; };
/* End PBXFileReference section */

/* Begin PBXFrameworksBuildPhase section */
		39D54ADA24FEDCE000EB47B1 /* Frameworks */ = {
			isa = PBXFrameworksBuildPhase;
			buildActionMask = 2147483647;
			files = (
				437E6A554A98173287B1A00E /* Pods_Shroud.framework in Frameworks */,
			);
			runOnlyForDeploymentPostprocessing = 0;
		};
		39D54AF024FEDCE200EB47B1 /* Frameworks */ = {
			isa = PBXFrameworksBuildPhase;
			buildActionMask = 2147483647;
			files = (
				AC623DD1F477192415B0528D /* Pods_ShroudTests.framework in Frameworks */,
			);
			runOnlyForDeploymentPostprocessing = 0;
		};
		39D54AFB24FEDCE200EB47B1 /* Frameworks */ = {
			isa = PBXFrameworksBuildPhase;
			buildActionMask = 2147483647;
			files = (
				3B853C95F241EAC9CE0FC6C6 /* Pods_Shroud_ShroudUITests.framework in Frameworks */,
			);
			runOnlyForDeploymentPostprocessing = 0;
		};
/* End PBXFrameworksBuildPhase section */

/* Begin PBXGroup section */
		39D54AD424FEDCE000EB47B1 = {
			isa = PBXGroup;
			children = (
				39D54ADF24FEDCE000EB47B1 /* Shroud */,
				39D54AF624FEDCE200EB47B1 /* ShroudTests */,
				39D54B0124FEDCE200EB47B1 /* ShroudUITests */,
				39D54ADE24FEDCE000EB47B1 /* Products */,
				56FFA0B2AF7494E84AC98F17 /* Pods */,
				AE5F08E346BBAEA255C0EB7B /* Frameworks */,
			);
			sourceTree = "<group>";
		};
		39D54ADE24FEDCE000EB47B1 /* Products */ = {
			isa = PBXGroup;
			children = (
				39D54ADD24FEDCE000EB47B1 /* Shroud.app */,
				39D54AF324FEDCE200EB47B1 /* ShroudTests.xctest */,
				39D54AFE24FEDCE200EB47B1 /* ShroudUITests.xctest */,
			);
			name = Products;
			sourceTree = "<group>";
		};
		39D54ADF24FEDCE000EB47B1 /* Shroud */ = {
			isa = PBXGroup;
			children = (
				39D54AE024FEDCE000EB47B1 /* AppDelegate.swift */,
				39D54AE224FEDCE000EB47B1 /* SceneDelegate.swift */,
				39D54AE424FEDCE000EB47B1 /* ViewController.swift */,
				395BB4E02502FD7800FB30B3 /* GoogleService-Info.plist */,
				39D54AE624FEDCE000EB47B1 /* Main.storyboard */,
				39D54AE924FEDCE200EB47B1 /* Assets.xcassets */,
				39D54AEB24FEDCE200EB47B1 /* LaunchScreen.storyboard */,
				39D54AEE24FEDCE200EB47B1 /* Info.plist */,
			);
			path = Shroud;
			sourceTree = "<group>";
		};
		39D54AF624FEDCE200EB47B1 /* ShroudTests */ = {
			isa = PBXGroup;
			children = (
				39D54AF724FEDCE200EB47B1 /* ShroudTests.swift */,
				39D54AF924FEDCE200EB47B1 /* Info.plist */,
			);
			path = ShroudTests;
			sourceTree = "<group>";
		};
		39D54B0124FEDCE200EB47B1 /* ShroudUITests */ = {
			isa = PBXGroup;
			children = (
				39D54B0224FEDCE200EB47B1 /* ShroudUITests.swift */,
				39D54B0424FEDCE200EB47B1 /* Info.plist */,
			);
			path = ShroudUITests;
			sourceTree = "<group>";
		};
		56FFA0B2AF7494E84AC98F17 /* Pods */ = {
			isa = PBXGroup;
			children = (
				A54F50E822532E400F544FAC /* Pods-Shroud.debug.xcconfig */,
				EE94E14DC0DCDBC8F8B25EF4 /* Pods-Shroud.release.xcconfig */,
				AD5826EDA1A3594471D5A6B0 /* Pods-Shroud-ShroudUITests.debug.xcconfig */,
				1B1BD052C595C1F41D98825B /* Pods-Shroud-ShroudUITests.release.xcconfig */,
				A0CEEF627123731B8904E7BB /* Pods-ShroudTests.debug.xcconfig */,
				CF1B992172C4A61B5BB2C210 /* Pods-ShroudTests.release.xcconfig */,
			);
			path = Pods;
			sourceTree = "<group>";
		};
		AE5F08E346BBAEA255C0EB7B /* Frameworks */ = {
			isa = PBXGroup;
			children = (
				B42C1EC079BBE970A36D22FF /* Pods_Shroud.framework */,
				BEE2DF5F45BBB3CEBC64E87A /* Pods_Shroud_ShroudUITests.framework */,
				7FE202B15D0B09002371CBBD /* Pods_ShroudTests.framework */,
			);
			name = Frameworks;
			sourceTree = "<group>";
		};
/* End PBXGroup section */

/* Begin PBXNativeTarget section */
		39D54ADC24FEDCE000EB47B1 /* Shroud */ = {
			isa = PBXNativeTarget;
			buildConfigurationList = 39D54B0724FEDCE200EB47B1 /* Build configuration list for PBXNativeTarget "Shroud" */;
			buildPhases = (
				83FCA158769354914F949C5C /* [CP] Check Pods Manifest.lock */,
				39D54AD924FEDCE000EB47B1 /* Sources */,
				39D54ADA24FEDCE000EB47B1 /* Frameworks */,
				39D54ADB24FEDCE000EB47B1 /* Resources */,
				FD06AEC1ADD6267713FD773D /* [CP] Embed Pods Frameworks */,
			);
			buildRules = (
			);
			dependencies = (
			);
			name = Shroud;
			productName = Shroud;
			productReference = 39D54ADD24FEDCE000EB47B1 /* Shroud.app */;
			productType = "com.apple.product-type.application";
		};
		39D54AF224FEDCE200EB47B1 /* ShroudTests */ = {
			isa = PBXNativeTarget;
			buildConfigurationList = 39D54B0A24FEDCE200EB47B1 /* Build configuration list for PBXNativeTarget "ShroudTests" */;
			buildPhases = (
				8A98DA205351512F15537F44 /* [CP] Check Pods Manifest.lock */,
				39D54AEF24FEDCE200EB47B1 /* Sources */,
				39D54AF024FEDCE200EB47B1 /* Frameworks */,
				39D54AF124FEDCE200EB47B1 /* Resources */,
			);
			buildRules = (
			);
			dependencies = (
				39D54AF524FEDCE200EB47B1 /* PBXTargetDependency */,
			);
			name = ShroudTests;
			productName = ShroudTests;
			productReference = 39D54AF324FEDCE200EB47B1 /* ShroudTests.xctest */;
			productType = "com.apple.product-type.bundle.unit-test";
		};
		39D54AFD24FEDCE200EB47B1 /* ShroudUITests */ = {
			isa = PBXNativeTarget;
			buildConfigurationList = 39D54B0D24FEDCE200EB47B1 /* Build configuration list for PBXNativeTarget "ShroudUITests" */;
			buildPhases = (
				F964157FAA5920A6019FBE01 /* [CP] Check Pods Manifest.lock */,
				39D54AFA24FEDCE200EB47B1 /* Sources */,
				39D54AFB24FEDCE200EB47B1 /* Frameworks */,
				39D54AFC24FEDCE200EB47B1 /* Resources */,
				2FD6162F5698CE7A2386FF15 /* [CP] Embed Pods Frameworks */,
			);
			buildRules = (
			);
			dependencies = (
				39D54B0024FEDCE200EB47B1 /* PBXTargetDependency */,
			);
			name = ShroudUITests;
			productName = ShroudUITests;
			productReference = 39D54AFE24FEDCE200EB47B1 /* ShroudUITests.xctest */;
			productType = "com.apple.product-type.bundle.ui-testing";
		};
/* End PBXNativeTarget section */

/* Begin PBXProject section */
		39D54AD524FEDCE000EB47B1 /* Project object */ = {
			isa = PBXProject;
			attributes = {
				LastSwiftUpdateCheck = 1140;
				LastUpgradeCheck = 1140;
				ORGANIZATIONNAME = Lynk;
				TargetAttributes = {
					39D54ADC24FEDCE000EB47B1 = {
						CreatedOnToolsVersion = 11.4.1;
					};
					39D54AF224FEDCE200EB47B1 = {
						CreatedOnToolsVersion = 11.4.1;
						TestTargetID = 39D54ADC24FEDCE000EB47B1;
					};
					39D54AFD24FEDCE200EB47B1 = {
						CreatedOnToolsVersion = 11.4.1;
						TestTargetID = 39D54ADC24FEDCE000EB47B1;
					};
				};
			};
			buildConfigurationList = 39D54AD824FEDCE000EB47B1 /* Build configuration list for PBXProject "Shroud" */;
			compatibilityVersion = "Xcode 9.3";
			developmentRegion = en;
			hasScannedForEncodings = 0;
			knownRegions = (
				en,
				Base,
			);
			mainGroup = 39D54AD424FEDCE000EB47B1;
			productRefGroup = 39D54ADE24FEDCE000EB47B1 /* Products */;
			projectDirPath = "";
			projectRoot = "";
			targets = (
				39D54ADC24FEDCE000EB47B1 /* Shroud */,
				39D54AF224FEDCE200EB47B1 /* ShroudTests */,
				39D54AFD24FEDCE200EB47B1 /* ShroudUITests */,
			);
		};
/* End PBXProject section */

/* Begin PBXResourcesBuildPhase section */
		39D54ADB24FEDCE000EB47B1 /* Resources */ = {
			isa = PBXResourcesBuildPhase;
			buildActionMask = 2147483647;
			files = (
				39D54AED24FEDCE200EB47B1 /* LaunchScreen.storyboard in Resources */,
				395BB4E12502FD7800FB30B3 /* GoogleService-Info.plist in Resources */,
				39D54AEA24FEDCE200EB47B1 /* Assets.xcassets in Resources */,
				39D54AE824FEDCE000EB47B1 /* Main.storyboard in Resources */,
			);
			runOnlyForDeploymentPostprocessing = 0;
		};
		39D54AF124FEDCE200EB47B1 /* Resources */ = {
			isa = PBXResourcesBuildPhase;
			buildActionMask = 2147483647;
			files = (
			);
			runOnlyForDeploymentPostprocessing = 0;
		};
		39D54AFC24FEDCE200EB47B1 /* Resources */ = {
			isa = PBXResourcesBuildPhase;
			buildActionMask = 2147483647;
			files = (
			);
			runOnlyForDeploymentPostprocessing = 0;
		};
/* End PBXResourcesBuildPhase section */

/* Begin PBXShellScriptBuildPhase section */
		2FD6162F5698CE7A2386FF15 /* [CP] Embed Pods Frameworks */ = {
			isa = PBXShellScriptBuildPhase;
			buildActionMask = 2147483647;
			files = (
			);
			inputFileListPaths = (
				"${PODS_ROOT}/Target Support Files/Pods-Shroud-ShroudUITests/Pods-Shroud-ShroudUITests-frameworks-${CONFIGURATION}-input-files.xcfilelist",
			);
			name = "[CP] Embed Pods Frameworks";
			outputFileListPaths = (
				"${PODS_ROOT}/Target Support Files/Pods-Shroud-ShroudUITests/Pods-Shroud-ShroudUITests-frameworks-${CONFIGURATION}-output-files.xcfilelist",
			);
			runOnlyForDeploymentPostprocessing = 0;
			shellPath = /bin/sh;
			shellScript = "\"${PODS_ROOT}/Target Support Files/Pods-Shroud-ShroudUITests/Pods-Shroud-ShroudUITests-frameworks.sh\"\n";
			showEnvVarsInLog = 0;
		};
		83FCA158769354914F949C5C /* [CP] Check Pods Manifest.lock */ = {
			isa = PBXShellScriptBuildPhase;
			buildActionMask = 2147483647;
			files = (
			);
			inputFileListPaths = (
			);
			inputPaths = (
				"${PODS_PODFILE_DIR_PATH}/Podfile.lock",
				"${PODS_ROOT}/Manifest.lock",
			);
			name = "[CP] Check Pods Manifest.lock";
			outputFileListPaths = (
			);
			outputPaths = (
				"$(DERIVED_FILE_DIR)/Pods-Shroud-checkManifestLockResult.txt",
			);
			runOnlyForDeploymentPostprocessing = 0;
			shellPath = /bin/sh;
			shellScript = "diff \"${PODS_PODFILE_DIR_PATH}/Podfile.lock\" \"${PODS_ROOT}/Manifest.lock\" > /dev/null\nif [ $? != 0 ] ; then\n    # print error to STDERR\n    echo \"error: The sandbox is not in sync with the Podfile.lock. Run 'pod install' or update your CocoaPods installation.\" >&2\n    exit 1\nfi\n# This output is used by Xcode 'outputs' to avoid re-running this script phase.\necho \"SUCCESS\" > \"${SCRIPT_OUTPUT_FILE_0}\"\n";
			showEnvVarsInLog = 0;
		};
		8A98DA205351512F15537F44 /* [CP] Check Pods Manifest.lock */ = {
			isa = PBXShellScriptBuildPhase;
			buildActionMask = 2147483647;
			files = (
			);
			inputFileListPaths = (
			);
			inputPaths = (
				"${PODS_PODFILE_DIR_PATH}/Podfile.lock",
				"${PODS_ROOT}/Manifest.lock",
			);
			name = "[CP] Check Pods Manifest.lock";
			outputFileListPaths = (
			);
			outputPaths = (
				"$(DERIVED_FILE_DIR)/Pods-ShroudTests-checkManifestLockResult.txt",
			);
			runOnlyForDeploymentPostprocessing = 0;
			shellPath = /bin/sh;
			shellScript = "diff \"${PODS_PODFILE_DIR_PATH}/Podfile.lock\" \"${PODS_ROOT}/Manifest.lock\" > /dev/null\nif [ $? != 0 ] ; then\n    # print error to STDERR\n    echo \"error: The sandbox is not in sync with the Podfile.lock. Run 'pod install' or update your CocoaPods installation.\" >&2\n    exit 1\nfi\n# This output is used by Xcode 'outputs' to avoid re-running this script phase.\necho \"SUCCESS\" > \"${SCRIPT_OUTPUT_FILE_0}\"\n";
			showEnvVarsInLog = 0;
		};
		F964157FAA5920A6019FBE01 /* [CP] Check Pods Manifest.lock */ = {
			isa = PBXShellScriptBuildPhase;
			buildActionMask = 2147483647;
			files = (
			);
			inputFileListPaths = (
			);
			inputPaths = (
				"${PODS_PODFILE_DIR_PATH}/Podfile.lock",
				"${PODS_ROOT}/Manifest.lock",
			);
			name = "[CP] Check Pods Manifest.lock";
			outputFileListPaths = (
			);
			outputPaths = (
				"$(DERIVED_FILE_DIR)/Pods-Shroud-ShroudUITests-checkManifestLockResult.txt",
			);
			runOnlyForDeploymentPostprocessing = 0;
			shellPath = /bin/sh;
			shellScript = "diff \"${PODS_PODFILE_DIR_PATH}/Podfile.lock\" \"${PODS_ROOT}/Manifest.lock\" > /dev/null\nif [ $? != 0 ] ; then\n    # print error to STDERR\n    echo \"error: The sandbox is not in sync with the Podfile.lock. Run 'pod install' or update your CocoaPods installation.\" >&2\n    exit 1\nfi\n# This output is used by Xcode 'outputs' to avoid re-running this script phase.\necho \"SUCCESS\" > \"${SCRIPT_OUTPUT_FILE_0}\"\n";
			showEnvVarsInLog = 0;
		};
		FD06AEC1ADD6267713FD773D /* [CP] Embed Pods Frameworks */ = {
			isa = PBXShellScriptBuildPhase;
			buildActionMask = 2147483647;
			files = (
			);
			inputFileListPaths = (
				"${PODS_ROOT}/Target Support Files/Pods-Shroud/Pods-Shroud-frameworks-${CONFIGURATION}-input-files.xcfilelist",
			);
			name = "[CP] Embed Pods Frameworks";
			outputFileListPaths = (
				"${PODS_ROOT}/Target Support Files/Pods-Shroud/Pods-Shroud-frameworks-${CONFIGURATION}-output-files.xcfilelist",
			);
			runOnlyForDeploymentPostprocessing = 0;
			shellPath = /bin/sh;
			shellScript = "\"${PODS_ROOT}/Target Support Files/Pods-Shroud/Pods-Shroud-frameworks.sh\"\n";
			showEnvVarsInLog = 0;
		};
/* End PBXShellScriptBuildPhase section */

/* Begin PBXSourcesBuildPhase section */
		39D54AD924FEDCE000EB47B1 /* Sources */ = {
			isa = PBXSourcesBuildPhase;
			buildActionMask = 2147483647;
			files = (
				39D54AE524FEDCE000EB47B1 /* ViewController.swift in Sources */,
				39D54AE124FEDCE000EB47B1 /* AppDelegate.swift in Sources */,
				39D54AE324FEDCE000EB47B1 /* SceneDelegate.swift in Sources */,
			);
			runOnlyForDeploymentPostprocessing = 0;
		};
		39D54AEF24FEDCE200EB47B1 /* Sources */ = {
			isa = PBXSourcesBuildPhase;
			buildActionMask = 2147483647;
			files = (
				39D54AF824FEDCE200EB47B1 /* ShroudTests.swift in Sources */,
			);
			runOnlyForDeploymentPostprocessing = 0;
		};
		39D54AFA24FEDCE200EB47B1 /* Sources */ = {
			isa = PBXSourcesBuildPhase;
			buildActionMask = 2147483647;
			files = (
				39D54B0324FEDCE200EB47B1 /* ShroudUITests.swift in Sources */,
			);
			runOnlyForDeploymentPostprocessing = 0;
		};
/* End PBXSourcesBuildPhase section */

/* Begin PBXTargetDependency section */
		39D54AF524FEDCE200EB47B1 /* PBXTargetDependency */ = {
			isa = PBXTargetDependency;
			target = 39D54ADC24FEDCE000EB47B1 /* Shroud */;
			targetProxy = 39D54AF424FEDCE200EB47B1 /* PBXContainerItemProxy */;
		};
		39D54B0024FEDCE200EB47B1 /* PBXTargetDependency */ = {
			isa = PBXTargetDependency;
			target = 39D54ADC24FEDCE000EB47B1 /* Shroud */;
			targetProxy = 39D54AFF24FEDCE200EB47B1 /* PBXContainerItemProxy */;
		};
/* End PBXTargetDependency section */

/* Begin PBXVariantGroup section */
		39D54AE624FEDCE000EB47B1 /* Main.storyboard */ = {
			isa = PBXVariantGroup;
			children = (
				39D54AE724FEDCE000EB47B1 /* Base */,
			);
			name = Main.storyboard;
			sourceTree = "<group>";
		};
		39D54AEB24FEDCE200EB47B1 /* LaunchScreen.storyboard */ = {
			isa = PBXVariantGroup;
			children = (
				39D54AEC24FEDCE200EB47B1 /* Base */,
			);
			name = LaunchScreen.storyboard;
			sourceTree = "<group>";
		};
/* End PBXVariantGroup section */

/* Begin XCBuildConfiguration section */
		39D54B0524FEDCE200EB47B1 /* Debug */ = {
			isa = XCBuildConfiguration;
			buildSettings = {
				ALWAYS_SEARCH_USER_PATHS = NO;
				CLANG_ANALYZER_NONNULL = YES;
				CLANG_ANALYZER_NUMBER_OBJECT_CONVERSION = YES_AGGRESSIVE;
				CLANG_CXX_LANGUAGE_STANDARD = "gnu++14";
				CLANG_CXX_LIBRARY = "libc++";
				CLANG_ENABLE_MODULES = YES;
				CLANG_ENABLE_OBJC_ARC = YES;
				CLANG_ENABLE_OBJC_WEAK = YES;
				CLANG_WARN_BLOCK_CAPTURE_AUTORELEASING = YES;
				CLANG_WARN_BOOL_CONVERSION = YES;
				CLANG_WARN_COMMA = YES;
				CLANG_WARN_CONSTANT_CONVERSION = YES;
				CLANG_WARN_DEPRECATED_OBJC_IMPLEMENTATIONS = YES;
				CLANG_WARN_DIRECT_OBJC_ISA_USAGE = YES_ERROR;
				CLANG_WARN_DOCUMENTATION_COMMENTS = YES;
				CLANG_WARN_EMPTY_BODY = YES;
				CLANG_WARN_ENUM_CONVERSION = YES;
				CLANG_WARN_INFINITE_RECURSION = YES;
				CLANG_WARN_INT_CONVERSION = YES;
				CLANG_WARN_NON_LITERAL_NULL_CONVERSION = YES;
				CLANG_WARN_OBJC_IMPLICIT_RETAIN_SELF = YES;
				CLANG_WARN_OBJC_LITERAL_CONVERSION = YES;
				CLANG_WARN_OBJC_ROOT_CLASS = YES_ERROR;
				CLANG_WARN_RANGE_LOOP_ANALYSIS = YES;
				CLANG_WARN_STRICT_PROTOTYPES = YES;
				CLANG_WARN_SUSPICIOUS_MOVE = YES;
				CLANG_WARN_UNGUARDED_AVAILABILITY = YES_AGGRESSIVE;
				CLANG_WARN_UNREACHABLE_CODE = YES;
				CLANG_WARN__DUPLICATE_METHOD_MATCH = YES;
				COPY_PHASE_STRIP = NO;
				DEBUG_INFORMATION_FORMAT = dwarf;
				ENABLE_STRICT_OBJC_MSGSEND = YES;
				ENABLE_TESTABILITY = YES;
				GCC_C_LANGUAGE_STANDARD = gnu11;
				GCC_DYNAMIC_NO_PIC = NO;
				GCC_NO_COMMON_BLOCKS = YES;
				GCC_OPTIMIZATION_LEVEL = 0;
				GCC_PREPROCESSOR_DEFINITIONS = (
					"DEBUG=1",
					"$(inherited)",
				);
				GCC_WARN_64_TO_32_BIT_CONVERSION = YES;
				GCC_WARN_ABOUT_RETURN_TYPE = YES_ERROR;
				GCC_WARN_UNDECLARED_SELECTOR = YES;
				GCC_WARN_UNINITIALIZED_AUTOS = YES_AGGRESSIVE;
				GCC_WARN_UNUSED_FUNCTION = YES;
				GCC_WARN_UNUSED_VARIABLE = YES;
				IPHONEOS_DEPLOYMENT_TARGET = 13.4;
				MTL_ENABLE_DEBUG_INFO = INCLUDE_SOURCE;
				MTL_FAST_MATH = YES;
				ONLY_ACTIVE_ARCH = YES;
				SDKROOT = iphoneos;
				SWIFT_ACTIVE_COMPILATION_CONDITIONS = DEBUG;
				SWIFT_OPTIMIZATION_LEVEL = "-Onone";
			};
			name = Debug;
		};
		39D54B0624FEDCE200EB47B1 /* Release */ = {
			isa = XCBuildConfiguration;
			buildSettings = {
				ALWAYS_SEARCH_USER_PATHS = NO;
				CLANG_ANALYZER_NONNULL = YES;
				CLANG_ANALYZER_NUMBER_OBJECT_CONVERSION = YES_AGGRESSIVE;
				CLANG_CXX_LANGUAGE_STANDARD = "gnu++14";
				CLANG_CXX_LIBRARY = "libc++";
				CLANG_ENABLE_MODULES = YES;
				CLANG_ENABLE_OBJC_ARC = YES;
				CLANG_ENABLE_OBJC_WEAK = YES;
				CLANG_WARN_BLOCK_CAPTURE_AUTORELEASING = YES;
				CLANG_WARN_BOOL_CONVERSION = YES;
				CLANG_WARN_COMMA = YES;
				CLANG_WARN_CONSTANT_CONVERSION = YES;
				CLANG_WARN_DEPRECATED_OBJC_IMPLEMENTATIONS = YES;
				CLANG_WARN_DIRECT_OBJC_ISA_USAGE = YES_ERROR;
				CLANG_WARN_DOCUMENTATION_COMMENTS = YES;
				CLANG_WARN_EMPTY_BODY = YES;
				CLANG_WARN_ENUM_CONVERSION = YES;
				CLANG_WARN_INFINITE_RECURSION = YES;
				CLANG_WARN_INT_CONVERSION = YES;
				CLANG_WARN_NON_LITERAL_NULL_CONVERSION = YES;
				CLANG_WARN_OBJC_IMPLICIT_RETAIN_SELF = YES;
				CLANG_WARN_OBJC_LITERAL_CONVERSION = YES;
				CLANG_WARN_OBJC_ROOT_CLASS = YES_ERROR;
				CLANG_WARN_RANGE_LOOP_ANALYSIS = YES;
				CLANG_WARN_STRICT_PROTOTYPES = YES;
				CLANG_WARN_SUSPICIOUS_MOVE = YES;
				CLANG_WARN_UNGUARDED_AVAILABILITY = YES_AGGRESSIVE;
				CLANG_WARN_UNREACHABLE_CODE = YES;
				CLANG_WARN__DUPLICATE_METHOD_MATCH = YES;
				COPY_PHASE_STRIP = NO;
				DEBUG_INFORMATION_FORMAT = "dwarf-with-dsym";
				ENABLE_NS_ASSERTIONS = NO;
				ENABLE_STRICT_OBJC_MSGSEND = YES;
				GCC_C_LANGUAGE_STANDARD = gnu11;
				GCC_NO_COMMON_BLOCKS = YES;
				GCC_WARN_64_TO_32_BIT_CONVERSION = YES;
				GCC_WARN_ABOUT_RETURN_TYPE = YES_ERROR;
				GCC_WARN_UNDECLARED_SELECTOR = YES;
				GCC_WARN_UNINITIALIZED_AUTOS = YES_AGGRESSIVE;
				GCC_WARN_UNUSED_FUNCTION = YES;
				GCC_WARN_UNUSED_VARIABLE = YES;
				IPHONEOS_DEPLOYMENT_TARGET = 13.4;
				MTL_ENABLE_DEBUG_INFO = NO;
				MTL_FAST_MATH = YES;
				SDKROOT = iphoneos;
				SWIFT_COMPILATION_MODE = wholemodule;
				SWIFT_OPTIMIZATION_LEVEL = "-O";
				VALIDATE_PRODUCT = YES;
			};
			name = Release;
		};
		39D54B0824FEDCE200EB47B1 /* Debug */ = {
			isa = XCBuildConfiguration;
			baseConfigurationReference = A54F50E822532E400F544FAC /* Pods-Shroud.debug.xcconfig */;
			buildSettings = {
				ASSETCATALOG_COMPILER_APPICON_NAME = AppIcon;
				CODE_SIGN_STYLE = Automatic;
				DEVELOPMENT_TEAM = 3B9BY3LUJD;
				INFOPLIST_FILE = Shroud/Info.plist;
				LD_RUNPATH_SEARCH_PATHS = (
					"$(inherited)",
					"@executable_path/Frameworks",
				);
				PRODUCT_BUNDLE_IDENTIFIER = lynk.Shroud;
				PRODUCT_NAME = "$(TARGET_NAME)";
				SWIFT_VERSION = 5.0;
				TARGETED_DEVICE_FAMILY = "1,2";
			};
			name = Debug;
		};
		39D54B0924FEDCE200EB47B1 /* Release */ = {
			isa = XCBuildConfiguration;
			baseConfigurationReference = EE94E14DC0DCDBC8F8B25EF4 /* Pods-Shroud.release.xcconfig */;
			buildSettings = {
				ASSETCATALOG_COMPILER_APPICON_NAME = AppIcon;
				CODE_SIGN_STYLE = Automatic;
				DEVELOPMENT_TEAM = 3B9BY3LUJD;
				INFOPLIST_FILE = Shroud/Info.plist;
				LD_RUNPATH_SEARCH_PATHS = (
					"$(inherited)",
					"@executable_path/Frameworks",
				);
				PRODUCT_BUNDLE_IDENTIFIER = lynk.Shroud;
				PRODUCT_NAME = "$(TARGET_NAME)";
				SWIFT_VERSION = 5.0;
				TARGETED_DEVICE_FAMILY = "1,2";
			};
			name = Release;
		};
		39D54B0B24FEDCE200EB47B1 /* Debug */ = {
			isa = XCBuildConfiguration;
			baseConfigurationReference = A0CEEF627123731B8904E7BB /* Pods-ShroudTests.debug.xcconfig */;
			buildSettings = {
				ALWAYS_EMBED_SWIFT_STANDARD_LIBRARIES = YES;
				BUNDLE_LOADER = "$(TEST_HOST)";
				CODE_SIGN_STYLE = Automatic;
				INFOPLIST_FILE = ShroudTests/Info.plist;
				IPHONEOS_DEPLOYMENT_TARGET = 13.4;
				LD_RUNPATH_SEARCH_PATHS = (
					"$(inherited)",
					"@executable_path/Frameworks",
					"@loader_path/Frameworks",
				);
				PRODUCT_BUNDLE_IDENTIFIER = lynk.ShroudTests;
				PRODUCT_NAME = "$(TARGET_NAME)";
				SWIFT_VERSION = 5.0;
				TARGETED_DEVICE_FAMILY = "1,2";
				TEST_HOST = "$(BUILT_PRODUCTS_DIR)/Shroud.app/Shroud";
			};
			name = Debug;
		};
		39D54B0C24FEDCE200EB47B1 /* Release */ = {
			isa = XCBuildConfiguration;
			baseConfigurationReference = CF1B992172C4A61B5BB2C210 /* Pods-ShroudTests.release.xcconfig */;
			buildSettings = {
				ALWAYS_EMBED_SWIFT_STANDARD_LIBRARIES = YES;
				BUNDLE_LOADER = "$(TEST_HOST)";
				CODE_SIGN_STYLE = Automatic;
				INFOPLIST_FILE = ShroudTests/Info.plist;
				IPHONEOS_DEPLOYMENT_TARGET = 13.4;
				LD_RUNPATH_SEARCH_PATHS = (
					"$(inherited)",
					"@executable_path/Frameworks",
					"@loader_path/Frameworks",
				);
				PRODUCT_BUNDLE_IDENTIFIER = lynk.ShroudTests;
				PRODUCT_NAME = "$(TARGET_NAME)";
				SWIFT_VERSION = 5.0;
				TARGETED_DEVICE_FAMILY = "1,2";
				TEST_HOST = "$(BUILT_PRODUCTS_DIR)/Shroud.app/Shroud";
			};
			name = Release;
		};
		39D54B0E24FEDCE200EB47B1 /* Debug */ = {
			isa = XCBuildConfiguration;
			baseConfigurationReference = AD5826EDA1A3594471D5A6B0 /* Pods-Shroud-ShroudUITests.debug.xcconfig */;
			buildSettings = {
				ALWAYS_EMBED_SWIFT_STANDARD_LIBRARIES = YES;
				CODE_SIGN_STYLE = Automatic;
				INFOPLIST_FILE = ShroudUITests/Info.plist;
				LD_RUNPATH_SEARCH_PATHS = (
					"$(inherited)",
					"@executable_path/Frameworks",
					"@loader_path/Frameworks",
				);
				PRODUCT_BUNDLE_IDENTIFIER = lynk.ShroudUITests;
				PRODUCT_NAME = "$(TARGET_NAME)";
				SWIFT_VERSION = 5.0;
				TARGETED_DEVICE_FAMILY = "1,2";
				TEST_TARGET_NAME = Shroud;
			};
			name = Debug;
		};
		39D54B0F24FEDCE200EB47B1 /* Release */ = {
			isa = XCBuildConfiguration;
			baseConfigurationReference = 1B1BD052C595C1F41D98825B /* Pods-Shroud-ShroudUITests.release.xcconfig */;
			buildSettings = {
				ALWAYS_EMBED_SWIFT_STANDARD_LIBRARIES = YES;
				CODE_SIGN_STYLE = Automatic;
				INFOPLIST_FILE = ShroudUITests/Info.plist;
				LD_RUNPATH_SEARCH_PATHS = (
					"$(inherited)",
					"@executable_path/Frameworks",
					"@loader_path/Frameworks",
				);
				PRODUCT_BUNDLE_IDENTIFIER = lynk.ShroudUITests;
				PRODUCT_NAME = "$(TARGET_NAME)";
				SWIFT_VERSION = 5.0;
				TARGETED_DEVICE_FAMILY = "1,2";
				TEST_TARGET_NAME = Shroud;
			};
			name = Release;
		};
/* End XCBuildConfiguration section */

/* Begin XCConfigurationList section */
		39D54AD824FEDCE000EB47B1 /* Build configuration list for PBXProject "Shroud" */ = {
			isa = XCConfigurationList;
			buildConfigurations = (
				39D54B0524FEDCE200EB47B1 /* Debug */,
				39D54B0624FEDCE200EB47B1 /* Release */,
			);
			defaultConfigurationIsVisible = 0;
			defaultConfigurationName = Release;
		};
		39D54B0724FEDCE200EB47B1 /* Build configuration list for PBXNativeTarget "Shroud" */ = {
			isa = XCConfigurationList;
			buildConfigurations = (
				39D54B0824FEDCE200EB47B1 /* Debug */,
				39D54B0924FEDCE200EB47B1 /* Release */,
			);
			defaultConfigurationIsVisible = 0;
			defaultConfigurationName = Release;
		};
		39D54B0A24FEDCE200EB47B1 /* Build configuration list for PBXNativeTarget "ShroudTests" */ = {
			isa = XCConfigurationList;
			buildConfigurations = (
				39D54B0B24FEDCE200EB47B1 /* Debug */,
				39D54B0C24FEDCE200EB47B1 /* Release */,
			);
			defaultConfigurationIsVisible = 0;
			defaultConfigurationName = Release;
		};
		39D54B0D24FEDCE200EB47B1 /* Build configuration list for PBXNativeTarget "ShroudUITests" */ = {
			isa = XCConfigurationList;
			buildConfigurations = (
				39D54B0E24FEDCE200EB47B1 /* Debug */,
				39D54B0F24FEDCE200EB47B1 /* Release */,
			);
			defaultConfigurationIsVisible = 0;
			defaultConfigurationName = Release;
		};
/* End XCConfigurationList section */
	};
	rootObject = 39D54AD524FEDCE000EB47B1 /* Project object */;
}
